<?xml version="1.0" encoding="utf-8"?>
<Project ToolsVersion="4.0" xmlns="http://schemas.microsoft.com/developer/msbuild/2003">
  <ItemGroup>
    <Filter Include="Source Files">
      <UniqueIdentifier>{4FC737F1-C7A5-4376-A066-2A32D752A2FF}</UniqueIdentifier>
      <Extensions>cpp;c;cc;cxx;def;odl;idl;hpj;bat;asm;asmx</Extensions>
    </Filter>
    <Filter Include="Header Files">
      <UniqueIdentifier>{93995380-89BD-4b04-88EB-625FBE52EBFB}</UniqueIdentifier>
      <Extensions>h;hpp;hxx;hm;inl;inc;xsd</Extensions>
    </Filter>
    <Filter Include="Resource Files">
      <UniqueIdentifier>{67DA6AB6-F800-4c08-8B7A-83BB121AAD01}</UniqueIdentifier>
      <Extensions>rc;ico;cur;bmp;dlg;rc2;rct;bin;rgs;gif;jpg;jpeg;jpe;resx;tiff;tif;png;wav;mfcribbon-ms</Extensions>
    </Filter>
    <Filter Include="Driver Files">
      <UniqueIdentifier>{8E41214B-6785-4CFE-B992-037D68949A14}</UniqueIdentifier>
      <Extensions>inf;inv;inx;mof;mc;</Extensions>
    </Filter>
    <Filter Include="Source Files\modules">
      <UniqueIdentifier>{49bec19b-792b-4ebf-ba53-0bb80caf1bac}</UniqueIdentifier>
    </Filter>
    <Filter Include="Header Files\modules">
      <UniqueIdentifier>{a1d62c37-e5cd-4e7a-bb3c-f267e7c37358}</UniqueIdentifier>
    </Filter>
    <Filter Include="Header Files\skcrypter">
      <UniqueIdentifier>{ad8a2e21-129e-47fa-b15f-780c3311678c}</UniqueIdentifier>
    </Filter>
  </ItemGroup>
  <ItemGroup>
    <Inf Include="Metamorph-Kernel.inf">
      <Filter>Driver Files</Filter>
    </Inf>
  </ItemGroup>
  <ItemGroup>
    <ClInclude Include="log.h">
      <Filter>Header Files</Filter>
    </ClInclude>
    <ClInclude Include="shared.h">
      <Filter>Header Files</Filter>
    </ClInclude>
    <ClInclude Include="utils.h">
      <Filter>Header Files</Filter>
    </ClInclude>
    <ClInclude Include="controlhook.h">
      <Filter>Header Files</Filter>
    </ClInclude>
    <ClInclude Include="spoofer.h">
      <Filter>Header Files</Filter>
    </ClInclude>
    <ClInclude Include="modules\adapters.h">
      <Filter>Header Files\modules</Filter>
    </ClInclude>
    <ClInclude Include="modules\arp.h">
      <Filter>Header Files\modules</Filter>
    </ClInclude>
    <ClInclude Include="modules\disks.h">
      <Filter>Header Files\modules</Filter>
    </ClInclude>
    <ClInclude Include="modules\smbios.h">
      <Filter>Header Files\modules</Filter>
    </ClInclude>
    <ClInclude Include="..\Shared\skcrypter\skcrypter.h">
      <Filter>Header Files\skcrypter</Filter>
    </ClInclude>
  </ItemGroup>
  <ItemGroup>
    <ClCompile Include="log.cpp">
      <Filter>Source Files</Filter>
    </ClCompile>
    <ClCompile Include="main.cpp">
      <Filter>Source Files</Filter>
    </ClCompile>
    <ClCompile Include="utils.cpp">
      <Filter>Source Files</Filter>
    </ClCompile>
    <ClCompile Include="controlhook.cpp">
      <Filter>Source Files</Filter>
    </ClCompile>
    <ClCompile Include="spoofer.cpp">
      <Filter>Source Files</Filter>
    </ClCompile>
    <ClCompile Include="modules\adapters.cpp">
      <Filter>Source Files\modules</Filter>
    </ClCompile>
    <ClCompile Include="modules\arp.cpp">
      <Filter>Source Files\modules</Filter>
    </ClCompile>
    <ClCompile Include="modules\disks.cpp">
      <Filter>Source Files\modules</Filter>
    </ClCompile>
    <ClCompile Include="modules\smbios.cpp">
      <Filter>Source Files\modules</Filter>
    </ClCompile>
  </ItemGroup>
</Project>